// !$*UTF8*$!
{
	archiveVersion = 1;
	classes = {
	};
	objectVersion = 50;
	objects = {

/* Begin PBXBuildFile section */
		85649D6243027C4F4DB9BF88 /* Pods_ComprasPublicas.framework in Frameworks */ = {isa = PBXBuildFile; fileRef = 0FAA7EE17F7B560BB80C99F5 /* Pods_ComprasPublicas.framework */; };
		B01E2A81209E02B700A34AF6 /* AppDelegate.swift in Sources */ = {isa = PBXBuildFile; fileRef = B01E2A80209E02B700A34AF6 /* AppDelegate.swift */; };
		B01E2A83209E02B700A34AF6 /* ViewController.swift in Sources */ = {isa = PBXBuildFile; fileRef = B01E2A82209E02B700A34AF6 /* ViewController.swift */; };
		B01E2A86209E02B700A34AF6 /* Main.storyboard in Resources */ = {isa = PBXBuildFile; fileRef = B01E2A84209E02B700A34AF6 /* Main.storyboard */; };
		B01E2A88209E02B900A34AF6 /* Assets.xcassets in Resources */ = {isa = PBXBuildFile; fileRef = B01E2A87209E02B900A34AF6 /* Assets.xcassets */; };
		B01E2A8B209E02B900A34AF6 /* LaunchScreen.storyboard in Resources */ = {isa = PBXBuildFile; fileRef = B01E2A89209E02B900A34AF6 /* LaunchScreen.storyboard */; };
		B0A1C9EB209E0D46005F88E9 /* Compra.swift in Sources */ = {isa = PBXBuildFile; fileRef = B0A1C9EA209E0D46005F88E9 /* Compra.swift */; };
		B0A1C9EE209E17A4005F88E9 /* compras_publicas.xcdatamodeld in Sources */ = {isa = PBXBuildFile; fileRef = B0A1C9EC209E17A4005F88E9 /* compras_publicas.xcdatamodeld */; };
		B0A1C9F0209E1B1B005F88E9 /* Date+Extension.swift in Sources */ = {isa = PBXBuildFile; fileRef = B0A1C9EF209E1B1B005F88E9 /* Date+Extension.swift */; };
		B0A4EF44209E069F00AC4C07 /* 2017_09.xml in Resources */ = {isa = PBXBuildFile; fileRef = B0A4EF35209E069F00AC4C07 /* 2017_09.xml */; };
		B0A4EF45209E069F00AC4C07 /* 2017_08.xml in Resources */ = {isa = PBXBuildFile; fileRef = B0A4EF36209E069F00AC4C07 /* 2017_08.xml */; };
		B0A4EF46209E069F00AC4C07 /* 2018_01.xml in Resources */ = {isa = PBXBuildFile; fileRef = B0A4EF37209E069F00AC4C07 /* 2018_01.xml */; };
		B0A4EF47209E069F00AC4C07 /* 2018_02.xml in Resources */ = {isa = PBXBuildFile; fileRef = B0A4EF38209E069F00AC4C07 /* 2018_02.xml */; };
		B0A4EF48209E069F00AC4C07 /* 2018_03.xml in Resources */ = {isa = PBXBuildFile; fileRef = B0A4EF39209E069F00AC4C07 /* 2018_03.xml */; };
		B0A4EF49209E069F00AC4C07 /* 2017_06.xml in Resources */ = {isa = PBXBuildFile; fileRef = B0A4EF3A209E069F00AC4C07 /* 2017_06.xml */; };
		B0A4EF4A209E069F00AC4C07 /* 2017_12.xml in Resources */ = {isa = PBXBuildFile; fileRef = B0A4EF3B209E069F00AC4C07 /* 2017_12.xml */; };
		B0A4EF4B209E069F00AC4C07 /* 2017_07.xml in Resources */ = {isa = PBXBuildFile; fileRef = B0A4EF3C209E069F00AC4C07 /* 2017_07.xml */; };
		B0A4EF4C209E069F00AC4C07 /* 2017_11.xml in Resources */ = {isa = PBXBuildFile; fileRef = B0A4EF3D209E069F00AC4C07 /* 2017_11.xml */; };
		B0A4EF4D209E069F00AC4C07 /* 2017_05.xml in Resources */ = {isa = PBXBuildFile; fileRef = B0A4EF3E209E069F00AC4C07 /* 2017_05.xml */; };
		B0A4EF4E209E069F00AC4C07 /* 2017_04.xml in Resources */ = {isa = PBXBuildFile; fileRef = B0A4EF3F209E069F00AC4C07 /* 2017_04.xml */; };
		B0A4EF4F209E069F00AC4C07 /* 2017_10.xml in Resources */ = {isa = PBXBuildFile; fileRef = B0A4EF40209E069F00AC4C07 /* 2017_10.xml */; };
		B0A4EF50209E069F00AC4C07 /* 2017_01.xml in Resources */ = {isa = PBXBuildFile; fileRef = B0A4EF41209E069F00AC4C07 /* 2017_01.xml */; };
		B0A4EF51209E069F00AC4C07 /* 2017_03.xml in Resources */ = {isa = PBXBuildFile; fileRef = B0A4EF42209E069F00AC4C07 /* 2017_03.xml */; };
		B0A4EF52209E069F00AC4C07 /* 2017_02.xml in Resources */ = {isa = PBXBuildFile; fileRef = B0A4EF43209E069F00AC4C07 /* 2017_02.xml */; };
		B0A4EF54209E06BC00AC4C07 /* XMLParser.swift in Sources */ = {isa = PBXBuildFile; fileRef = B0A4EF53209E06BB00AC4C07 /* XMLParser.swift */; };
		B0CD538B209E544900FF5EB0 /* ProductDetailView.xib in Resources */ = {isa = PBXBuildFile; fileRef = B0CD538A209E544900FF5EB0 /* ProductDetailView.xib */; };
		B0CD538D209E545500FF5EB0 /* ProductDetailView.swift in Sources */ = {isa = PBXBuildFile; fileRef = B0CD538C209E545500FF5EB0 /* ProductDetailView.swift */; };
		B0CD538F209E549500FF5EB0 /* UIView+Extension.swift in Sources */ = {isa = PBXBuildFile; fileRef = B0CD538E209E549500FF5EB0 /* UIView+Extension.swift */; };
		B0CD5391209E778700FF5EB0 /* Objetos_850846597.mlmodel in Sources */ = {isa = PBXBuildFile; fileRef = B0CD5390209E778700FF5EB0 /* Objetos_850846597.mlmodel */; };
/* End PBXBuildFile section */

/* Begin PBXFileReference section */
		0FAA7EE17F7B560BB80C99F5 /* Pods_ComprasPublicas.framework */ = {isa = PBXFileReference; explicitFileType = wrapper.framework; includeInIndex = 0; path = Pods_ComprasPublicas.framework; sourceTree = BUILT_PRODUCTS_DIR; };
		533049A2566C52B972A6A43C /* Pods-ComprasPublicas.release.xcconfig */ = {isa = PBXFileReference; includeInIndex = 1; lastKnownFileType = text.xcconfig; name = "Pods-ComprasPublicas.release.xcconfig"; path = "Pods/Target Support Files/Pods-ComprasPublicas/Pods-ComprasPublicas.release.xcconfig"; sourceTree = "<group>"; };
		B01E2A7D209E02B700A34AF6 /* ComprasPublicas.app */ = {isa = PBXFileReference; explicitFileType = wrapper.application; includeInIndex = 0; path = ComprasPublicas.app; sourceTree = BUILT_PRODUCTS_DIR; };
		B01E2A80209E02B700A34AF6 /* AppDelegate.swift */ = {isa = PBXFileReference; lastKnownFileType = sourcecode.swift; path = AppDelegate.swift; sourceTree = "<group>"; };
		B01E2A82209E02B700A34AF6 /* ViewController.swift */ = {isa = PBXFileReference; lastKnownFileType = sourcecode.swift; path = ViewController.swift; sourceTree = "<group>"; };
		B01E2A85209E02B700A34AF6 /* Base */ = {isa = PBXFileReference; lastKnownFileType = file.storyboard; name = Base; path = Base.lproj/Main.storyboard; sourceTree = "<group>"; };
		B01E2A87209E02B900A34AF6 /* Assets.xcassets */ = {isa = PBXFileReference; lastKnownFileType = folder.assetcatalog; path = Assets.xcassets; sourceTree = "<group>"; };
		B01E2A8A209E02B900A34AF6 /* Base */ = {isa = PBXFileReference; lastKnownFileType = file.storyboard; name = Base; path = Base.lproj/LaunchScreen.storyboard; sourceTree = "<group>"; };
		B01E2A8C209E02B900A34AF6 /* Info.plist */ = {isa = PBXFileReference; lastKnownFileType = text.plist.xml; path = Info.plist; sourceTree = "<group>"; };
		B0A1C9EA209E0D46005F88E9 /* Compra.swift */ = {isa = PBXFileReference; fileEncoding = 4; lastKnownFileType = sourcecode.swift; path = Compra.swift; sourceTree = "<group>"; };
		B0A1C9ED209E17A4005F88E9 /* compras_publicas.xcdatamodel */ = {isa = PBXFileReference; lastKnownFileType = wrapper.xcdatamodel; path = compras_publicas.xcdatamodel; sourceTree = "<group>"; };
		B0A1C9EF209E1B1B005F88E9 /* Date+Extension.swift */ = {isa = PBXFileReference; lastKnownFileType = sourcecode.swift; path = "Date+Extension.swift"; sourceTree = "<group>"; };
		B0A4EF35209E069F00AC4C07 /* 2017_09.xml */ = {isa = PBXFileReference; fileEncoding = 4; lastKnownFileType = text.xml; path = 2017_09.xml; sourceTree = "<group>"; };
		B0A4EF36209E069F00AC4C07 /* 2017_08.xml */ = {isa = PBXFileReference; fileEncoding = 4; lastKnownFileType = text.xml; path = 2017_08.xml; sourceTree = "<group>"; };
		B0A4EF37209E069F00AC4C07 /* 2018_01.xml */ = {isa = PBXFileReference; fileEncoding = 4; lastKnownFileType = text.xml; path = 2018_01.xml; sourceTree = "<group>"; };
		B0A4EF38209E069F00AC4C07 /* 2018_02.xml */ = {isa = PBXFileReference; fileEncoding = 4; lastKnownFileType = text.xml; path = 2018_02.xml; sourceTree = "<group>"; };
		B0A4EF39209E069F00AC4C07 /* 2018_03.xml */ = {isa = PBXFileReference; fileEncoding = 4; lastKnownFileType = text.xml; path = 2018_03.xml; sourceTree = "<group>"; };
		B0A4EF3A209E069F00AC4C07 /* 2017_06.xml */ = {isa = PBXFileReference; fileEncoding = 4; lastKnownFileType = text.xml; path = 2017_06.xml; sourceTree = "<group>"; };
		B0A4EF3B209E069F00AC4C07 /* 2017_12.xml */ = {isa = PBXFileReference; fileEncoding = 4; lastKnownFileType = text.xml; path = 2017_12.xml; sourceTree = "<group>"; };
		B0A4EF3C209E069F00AC4C07 /* 2017_07.xml */ = {isa = PBXFileReference; fileEncoding = 4; lastKnownFileType = text.xml; path = 2017_07.xml; sourceTree = "<group>"; };
		B0A4EF3D209E069F00AC4C07 /* 2017_11.xml */ = {isa = PBXFileReference; fileEncoding = 4; lastKnownFileType = text.xml; path = 2017_11.xml; sourceTree = "<group>"; };
		B0A4EF3E209E069F00AC4C07 /* 2017_05.xml */ = {isa = PBXFileReference; fileEncoding = 4; lastKnownFileType = text.xml; path = 2017_05.xml; sourceTree = "<group>"; };
		B0A4EF3F209E069F00AC4C07 /* 2017_04.xml */ = {isa = PBXFileReference; fileEncoding = 4; lastKnownFileType = text.xml; path = 2017_04.xml; sourceTree = "<group>"; };
		B0A4EF40209E069F00AC4C07 /* 2017_10.xml */ = {isa = PBXFileReference; fileEncoding = 4; lastKnownFileType = text.xml; path = 2017_10.xml; sourceTree = "<group>"; };
		B0A4EF41209E069F00AC4C07 /* 2017_01.xml */ = {isa = PBXFileReference; fileEncoding = 4; lastKnownFileType = text.xml; path = 2017_01.xml; sourceTree = "<group>"; };
		B0A4EF42209E069F00AC4C07 /* 2017_03.xml */ = {isa = PBXFileReference; fileEncoding = 4; lastKnownFileType = text.xml; path = 2017_03.xml; sourceTree = "<group>"; };
		B0A4EF43209E069F00AC4C07 /* 2017_02.xml */ = {isa = PBXFileReference; fileEncoding = 4; lastKnownFileType = text.xml; path = 2017_02.xml; sourceTree = "<group>"; };
		B0A4EF53209E06BB00AC4C07 /* XMLParser.swift */ = {isa = PBXFileReference; lastKnownFileType = sourcecode.swift; path = XMLParser.swift; sourceTree = "<group>"; };
		B0CD538A209E544900FF5EB0 /* ProductDetailView.xib */ = {isa = PBXFileReference; lastKnownFileType = file.xib; path = ProductDetailView.xib; sourceTree = "<group>"; };
		B0CD538C209E545500FF5EB0 /* ProductDetailView.swift */ = {isa = PBXFileReference; lastKnownFileType = sourcecode.swift; path = ProductDetailView.swift; sourceTree = "<group>"; };
		B0CD538E209E549500FF5EB0 /* UIView+Extension.swift */ = {isa = PBXFileReference; lastKnownFileType = sourcecode.swift; path = "UIView+Extension.swift"; sourceTree = "<group>"; };
		B0CD5390209E778700FF5EB0 /* Objetos_850846597.mlmodel */ = {isa = PBXFileReference; lastKnownFileType = file.mlmodel; path = Objetos_850846597.mlmodel; sourceTree = "<group>"; };
		BD3C0C8E84CCB6F5BF2EEF46 /* Pods-ComprasPublicas.debug.xcconfig */ = {isa = PBXFileReference; includeInIndex = 1; lastKnownFileType = text.xcconfig; name = "Pods-ComprasPublicas.debug.xcconfig"; path = "Pods/Target Support Files/Pods-ComprasPublicas/Pods-ComprasPublicas.debug.xcconfig"; sourceTree = "<group>"; };
/* End PBXFileReference section */

/* Begin PBXFrameworksBuildPhase section */
		B01E2A7A209E02B700A34AF6 /* Frameworks */ = {
			isa = PBXFrameworksBuildPhase;
			buildActionMask = 2147483647;
			files = (
				85649D6243027C4F4DB9BF88 /* Pods_ComprasPublicas.framework in Frameworks */,
			);
			runOnlyForDeploymentPostprocessing = 0;
		};
/* End PBXFrameworksBuildPhase section */

/* Begin PBXGroup section */
		57A3267C96356DA48F6B10EC /* Frameworks */ = {
			isa = PBXGroup;
			children = (
				0FAA7EE17F7B560BB80C99F5 /* Pods_ComprasPublicas.framework */,
			);
			name = Frameworks;
			sourceTree = "<group>";
		};
		B01E2A74209E02B700A34AF6 = {
			isa = PBXGroup;
			children = (
				B01E2A7F209E02B700A34AF6 /* ComprasPublicas */,
				B01E2A7E209E02B700A34AF6 /* Products */,
				EAFC15E27687B262F6483AEA /* Pods */,
				57A3267C96356DA48F6B10EC /* Frameworks */,
			);
			sourceTree = "<group>";
		};
		B01E2A7E209E02B700A34AF6 /* Products */ = {
			isa = PBXGroup;
			children = (
				B01E2A7D209E02B700A34AF6 /* ComprasPublicas.app */,
			);
			name = Products;
			sourceTree = "<group>";
		};
		B01E2A7F209E02B700A34AF6 /* ComprasPublicas */ = {
			isa = PBXGroup;
			children = (
				B0CD5390209E778700FF5EB0 /* Objetos_850846597.mlmodel */,
				B0A4EF34209E069F00AC4C07 /* XML */,
				B01E2A80209E02B700A34AF6 /* AppDelegate.swift */,
				B01E2A82209E02B700A34AF6 /* ViewController.swift */,
				B0A1C9EA209E0D46005F88E9 /* Compra.swift */,
				B01E2A84209E02B700A34AF6 /* Main.storyboard */,
				B01E2A87209E02B900A34AF6 /* Assets.xcassets */,
				B01E2A89209E02B900A34AF6 /* LaunchScreen.storyboard */,
				B01E2A8C209E02B900A34AF6 /* Info.plist */,
				B0A4EF53209E06BB00AC4C07 /* XMLParser.swift */,
				B0A1C9EC209E17A4005F88E9 /* compras_publicas.xcdatamodeld */,
				B0A1C9EF209E1B1B005F88E9 /* Date+Extension.swift */,
				B0CD538A209E544900FF5EB0 /* ProductDetailView.xib */,
				B0CD538C209E545500FF5EB0 /* ProductDetailView.swift */,
				B0CD538E209E549500FF5EB0 /* UIView+Extension.swift */,
			);
			path = ComprasPublicas;
			sourceTree = "<group>";
		};
		B0A4EF34209E069F00AC4C07 /* XML */ = {
			isa = PBXGroup;
			children = (
				B0A4EF35209E069F00AC4C07 /* 2017_09.xml */,
				B0A4EF36209E069F00AC4C07 /* 2017_08.xml */,
				B0A4EF37209E069F00AC4C07 /* 2018_01.xml */,
				B0A4EF38209E069F00AC4C07 /* 2018_02.xml */,
				B0A4EF39209E069F00AC4C07 /* 2018_03.xml */,
				B0A4EF3A209E069F00AC4C07 /* 2017_06.xml */,
				B0A4EF3B209E069F00AC4C07 /* 2017_12.xml */,
				B0A4EF3C209E069F00AC4C07 /* 2017_07.xml */,
				B0A4EF3D209E069F00AC4C07 /* 2017_11.xml */,
				B0A4EF3E209E069F00AC4C07 /* 2017_05.xml */,
				B0A4EF3F209E069F00AC4C07 /* 2017_04.xml */,
				B0A4EF40209E069F00AC4C07 /* 2017_10.xml */,
				B0A4EF41209E069F00AC4C07 /* 2017_01.xml */,
				B0A4EF42209E069F00AC4C07 /* 2017_03.xml */,
				B0A4EF43209E069F00AC4C07 /* 2017_02.xml */,
			);
			path = XML;
			sourceTree = "<group>";
		};
		EAFC15E27687B262F6483AEA /* Pods */ = {
			isa = PBXGroup;
			children = (
				BD3C0C8E84CCB6F5BF2EEF46 /* Pods-ComprasPublicas.debug.xcconfig */,
				533049A2566C52B972A6A43C /* Pods-ComprasPublicas.release.xcconfig */,
			);
			name = Pods;
			sourceTree = "<group>";
		};
/* End PBXGroup section */

/* Begin PBXNativeTarget section */
		B01E2A7C209E02B700A34AF6 /* ComprasPublicas */ = {
			isa = PBXNativeTarget;
			buildConfigurationList = B01E2A8F209E02B900A34AF6 /* Build configuration list for PBXNativeTarget "ComprasPublicas" */;
			buildPhases = (
				35E32C8F48692C25407410F8 /* [CP] Check Pods Manifest.lock */,
				B01E2A79209E02B700A34AF6 /* Sources */,
				B01E2A7A209E02B700A34AF6 /* Frameworks */,
				B01E2A7B209E02B700A34AF6 /* Resources */,
				1EECCBADCA15481FDD5B6951 /* [CP] Embed Pods Frameworks */,
			);
			buildRules = (
			);
			dependencies = (
			);
			name = ComprasPublicas;
			productName = ComprasPublicas;
			productReference = B01E2A7D209E02B700A34AF6 /* ComprasPublicas.app */;
			productType = "com.apple.product-type.application";
		};
/* End PBXNativeTarget section */

/* Begin PBXProject section */
		B01E2A75209E02B700A34AF6 /* Project object */ = {
			isa = PBXProject;
			attributes = {
				LastSwiftUpdateCheck = 0930;
				LastUpgradeCheck = 0930;
				ORGANIZATIONNAME = Finotti;
				TargetAttributes = {
					B01E2A7C209E02B700A34AF6 = {
						CreatedOnToolsVersion = 9.3;
					};
				};
			};
			buildConfigurationList = B01E2A78209E02B700A34AF6 /* Build configuration list for PBXProject "ComprasPublicas" */;
			compatibilityVersion = "Xcode 9.3";
			developmentRegion = en;
			hasScannedForEncodings = 0;
			knownRegions = (
				en,
				Base,
			);
			mainGroup = B01E2A74209E02B700A34AF6;
			productRefGroup = B01E2A7E209E02B700A34AF6 /* Products */;
			projectDirPath = "";
			projectRoot = "";
			targets = (
				B01E2A7C209E02B700A34AF6 /* ComprasPublicas */,
			);
		};
/* End PBXProject section */

/* Begin PBXResourcesBuildPhase section */
		B01E2A7B209E02B700A34AF6 /* Resources */ = {
			isa = PBXResourcesBuildPhase;
			buildActionMask = 2147483647;
			files = (
				B0A4EF44209E069F00AC4C07 /* 2017_09.xml in Resources */,
				B0A4EF4E209E069F00AC4C07 /* 2017_04.xml in Resources */,
				B01E2A8B209E02B900A34AF6 /* LaunchScreen.storyboard in Resources */,
				B0A4EF4A209E069F00AC4C07 /* 2017_12.xml in Resources */,
				B0A4EF51209E069F00AC4C07 /* 2017_03.xml in Resources */,
				B0A4EF50209E069F00AC4C07 /* 2017_01.xml in Resources */,
				B01E2A88209E02B900A34AF6 /* Assets.xcassets in Resources */,
				B0A4EF46209E069F00AC4C07 /* 2018_01.xml in Resources */,
				B0A4EF4B209E069F00AC4C07 /* 2017_07.xml in Resources */,
				B0A4EF52209E069F00AC4C07 /* 2017_02.xml in Resources */,
				B0A4EF4D209E069F00AC4C07 /* 2017_05.xml in Resources */,
				B0A4EF45209E069F00AC4C07 /* 2017_08.xml in Resources */,
				B0CD538B209E544900FF5EB0 /* ProductDetailView.xib in Resources */,
				B0A4EF4F209E069F00AC4C07 /* 2017_10.xml in Resources */,
				B0A4EF47209E069F00AC4C07 /* 2018_02.xml in Resources */,
				B0A4EF49209E069F00AC4C07 /* 2017_06.xml in Resources */,
				B0A4EF4C209E069F00AC4C07 /* 2017_11.xml in Resources */,
				B01E2A86209E02B700A34AF6 /* Main.storyboard in Resources */,
				B0A4EF48209E069F00AC4C07 /* 2018_03.xml in Resources */,
			);
			runOnlyForDeploymentPostprocessing = 0;
		};
/* End PBXResourcesBuildPhase section */

/* Begin PBXShellScriptBuildPhase section */
		1EECCBADCA15481FDD5B6951 /* [CP] Embed Pods Frameworks */ = {
			isa = PBXShellScriptBuildPhase;
			buildActionMask = 2147483647;
			files = (
			);
			inputPaths = (
				"${SRCROOT}/Pods/Target Support Files/Pods-ComprasPublicas/Pods-ComprasPublicas-frameworks.sh",
				"${BUILT_PRODUCTS_DIR}/Alamofire/Alamofire.framework",
				"${BUILT_PRODUCTS_DIR}/CoreDataManager/CoreDataManager.framework",
				"${BUILT_PRODUCTS_DIR}/SwiftyJSON/SwiftyJSON.framework",
				"${BUILT_PRODUCTS_DIR}/SwiftyXMLParser/SwiftyXMLParser.framework",
			);
			name = "[CP] Embed Pods Frameworks";
			outputPaths = (
				"${TARGET_BUILD_DIR}/${FRAMEWORKS_FOLDER_PATH}/Alamofire.framework",
				"${TARGET_BUILD_DIR}/${FRAMEWORKS_FOLDER_PATH}/CoreDataManager.framework",
				"${TARGET_BUILD_DIR}/${FRAMEWORKS_FOLDER_PATH}/SwiftyJSON.framework",
				"${TARGET_BUILD_DIR}/${FRAMEWORKS_FOLDER_PATH}/SwiftyXMLParser.framework",
			);
			runOnlyForDeploymentPostprocessing = 0;
			shellPath = /bin/sh;
			shellScript = "\"${SRCROOT}/Pods/Target Support Files/Pods-ComprasPublicas/Pods-ComprasPublicas-frameworks.sh\"\n";
			showEnvVarsInLog = 0;
		};
		35E32C8F48692C25407410F8 /* [CP] Check Pods Manifest.lock */ = {
			isa = PBXShellScriptBuildPhase;
			buildActionMask = 2147483647;
			files = (
			);
			inputPaths = (
				"${PODS_PODFILE_DIR_PATH}/Podfile.lock",
				"${PODS_ROOT}/Manifest.lock",
			);
			name = "[CP] Check Pods Manifest.lock";
			outputPaths = (
				"$(DERIVED_FILE_DIR)/Pods-ComprasPublicas-checkManifestLockResult.txt",
			);
			runOnlyForDeploymentPostprocessing = 0;
			shellPath = /bin/sh;
			shellScript = "diff \"${PODS_PODFILE_DIR_PATH}/Podfile.lock\" \"${PODS_ROOT}/Manifest.lock\" > /dev/null\nif [ $? != 0 ] ; then\n    # print error to STDERR\n    echo \"error: The sandbox is not in sync with the Podfile.lock. Run 'pod install' or update your CocoaPods installation.\" >&2\n    exit 1\nfi\n# This output is used by Xcode 'outputs' to avoid re-running this script phase.\necho \"SUCCESS\" > \"${SCRIPT_OUTPUT_FILE_0}\"\n";
			showEnvVarsInLog = 0;
		};
/* End PBXShellScriptBuildPhase section */

/* Begin PBXSourcesBuildPhase section */
		B01E2A79209E02B700A34AF6 /* Sources */ = {
			isa = PBXSourcesBuildPhase;
			buildActionMask = 2147483647;
			files = (
				B0A1C9F0209E1B1B005F88E9 /* Date+Extension.swift in Sources */,
				B01E2A83209E02B700A34AF6 /* ViewController.swift in Sources */,
				B0CD5391209E778700FF5EB0 /* Objetos_850846597.mlmodel in Sources */,
				B0A1C9EE209E17A4005F88E9 /* compras_publicas.xcdatamodeld in Sources */,
				B0A1C9EB209E0D46005F88E9 /* Compra.swift in Sources */,
				B01E2A81209E02B700A34AF6 /* AppDelegate.swift in Sources */,
				B0A4EF54209E06BC00AC4C07 /* XMLParser.swift in Sources */,
				B0CD538F209E549500FF5EB0 /* UIView+Extension.swift in Sources */,
				B0CD538D209E545500FF5EB0 /* ProductDetailView.swift in Sources */,
			);
			runOnlyForDeploymentPostprocessing = 0;
		};
/* End PBXSourcesBuildPhase section */

/* Begin PBXVariantGroup section */
		B01E2A84209E02B700A34AF6 /* Main.storyboard */ = {
			isa = PBXVariantGroup;
			children = (
				B01E2A85209E02B700A34AF6 /* Base */,
			);
			name = Main.storyboard;
			sourceTree = "<group>";
		};
		B01E2A89209E02B900A34AF6 /* LaunchScreen.storyboard */ = {
			isa = PBXVariantGroup;
			children = (
				B01E2A8A209E02B900A34AF6 /* Base */,
			);
			name = LaunchScreen.storyboard;
			sourceTree = "<group>";
		};
/* End PBXVariantGroup section */

/* Begin XCBuildConfiguration section */
		B01E2A8D209E02B900A34AF6 /* Debug */ = {
			isa = XCBuildConfiguration;
			buildSettings = {
				ALWAYS_SEARCH_USER_PATHS = NO;
				CLANG_ANALYZER_NONNULL = YES;
				CLANG_ANALYZER_NUMBER_OBJECT_CONVERSION = YES_AGGRESSIVE;
				CLANG_CXX_LANGUAGE_STANDARD = "gnu++14";
				CLANG_CXX_LIBRARY = "libc++";
				CLANG_ENABLE_MODULES = YES;
				CLANG_ENABLE_OBJC_ARC = YES;
				CLANG_ENABLE_OBJC_WEAK = YES;
				CLANG_WARN_BLOCK_CAPTURE_AUTORELEASING = YES;
				CLANG_WARN_BOOL_CONVERSION = YES;
				CLANG_WARN_COMMA = YES;
				CLANG_WARN_CONSTANT_CONVERSION = YES;
				CLANG_WARN_DEPRECATED_OBJC_IMPLEMENTATIONS = YES;
				CLANG_WARN_DIRECT_OBJC_ISA_USAGE = YES_ERROR;
				CLANG_WARN_DOCUMENTATION_COMMENTS = YES;
				CLANG_WARN_EMPTY_BODY = YES;
				CLANG_WARN_ENUM_CONVERSION = YES;
				CLANG_WARN_INFINITE_RECURSION = YES;
				CLANG_WARN_INT_CONVERSION = YES;
				CLANG_WARN_NON_LITERAL_NULL_CONVERSION = YES;
				CLANG_WARN_OBJC_IMPLICIT_RETAIN_SELF = YES;
				CLANG_WARN_OBJC_LITERAL_CONVERSION = YES;
				CLANG_WARN_OBJC_ROOT_CLASS = YES_ERROR;
				CLANG_WARN_RANGE_LOOP_ANALYSIS = YES;
				CLANG_WARN_STRICT_PROTOTYPES = YES;
				CLANG_WARN_SUSPICIOUS_MOVE = YES;
				CLANG_WARN_UNGUARDED_AVAILABILITY = YES_AGGRESSIVE;
				CLANG_WARN_UNREACHABLE_CODE = YES;
				CLANG_WARN__DUPLICATE_METHOD_MATCH = YES;
				CODE_SIGN_IDENTITY = "iPhone Developer";
				COPY_PHASE_STRIP = NO;
				DEBUG_INFORMATION_FORMAT = dwarf;
				ENABLE_STRICT_OBJC_MSGSEND = YES;
				ENABLE_TESTABILITY = YES;
				GCC_C_LANGUAGE_STANDARD = gnu11;
				GCC_DYNAMIC_NO_PIC = NO;
				GCC_NO_COMMON_BLOCKS = YES;
				GCC_OPTIMIZATION_LEVEL = 0;
				GCC_PREPROCESSOR_DEFINITIONS = (
					"DEBUG=1",
					"$(inherited)",
				);
				GCC_WARN_64_TO_32_BIT_CONVERSION = YES;
				GCC_WARN_ABOUT_RETURN_TYPE = YES_ERROR;
				GCC_WARN_UNDECLARED_SELECTOR = YES;
				GCC_WARN_UNINITIALIZED_AUTOS = YES_AGGRESSIVE;
				GCC_WARN_UNUSED_FUNCTION = YES;
				GCC_WARN_UNUSED_VARIABLE = YES;
				IPHONEOS_DEPLOYMENT_TARGET = 11.3;
				MTL_ENABLE_DEBUG_INFO = YES;
				ONLY_ACTIVE_ARCH = YES;
				SDKROOT = iphoneos;
				SWIFT_ACTIVE_COMPILATION_CONDITIONS = DEBUG;
				SWIFT_OPTIMIZATION_LEVEL = "-Onone";
			};
			name = Debug;
		};
		B01E2A8E209E02B900A34AF6 /* Release */ = {
			isa = XCBuildConfiguration;
			buildSettings = {
				ALWAYS_SEARCH_USER_PATHS = NO;
				CLANG_ANALYZER_NONNULL = YES;
				CLANG_ANALYZER_NUMBER_OBJECT_CONVERSION = YES_AGGRESSIVE;
				CLANG_CXX_LANGUAGE_STANDARD = "gnu++14";
				CLANG_CXX_LIBRARY = "libc++";
				CLANG_ENABLE_MODULES = YES;
				CLANG_ENABLE_OBJC_ARC = YES;
				CLANG_ENABLE_OBJC_WEAK = YES;
				CLANG_WARN_BLOCK_CAPTURE_AUTORELEASING = YES;
				CLANG_WARN_BOOL_CONVERSION = YES;
				CLANG_WARN_COMMA = YES;
				CLANG_WARN_CONSTANT_CONVERSION = YES;
				CLANG_WARN_DEPRECATED_OBJC_IMPLEMENTATIONS = YES;
				CLANG_WARN_DIRECT_OBJC_ISA_USAGE = YES_ERROR;
				CLANG_WARN_DOCUMENTATION_COMMENTS = YES;
				CLANG_WARN_EMPTY_BODY = YES;
				CLANG_WARN_ENUM_CONVERSION = YES;
				CLANG_WARN_INFINITE_RECURSION = YES;
				CLANG_WARN_INT_CONVERSION = YES;
				CLANG_WARN_NON_LITERAL_NULL_CONVERSION = YES;
				CLANG_WARN_OBJC_IMPLICIT_RETAIN_SELF = YES;
				CLANG_WARN_OBJC_LITERAL_CONVERSION = YES;
				CLANG_WARN_OBJC_ROOT_CLASS = YES_ERROR;
				CLANG_WARN_RANGE_LOOP_ANALYSIS = YES;
				CLANG_WARN_STRICT_PROTOTYPES = YES;
				CLANG_WARN_SUSPICIOUS_MOVE = YES;
				CLANG_WARN_UNGUARDED_AVAILABILITY = YES_AGGRESSIVE;
				CLANG_WARN_UNREACHABLE_CODE = YES;
				CLANG_WARN__DUPLICATE_METHOD_MATCH = YES;
				CODE_SIGN_IDENTITY = "iPhone Developer";
				COPY_PHASE_STRIP = NO;
				DEBUG_INFORMATION_FORMAT = "dwarf-with-dsym";
				ENABLE_NS_ASSERTIONS = NO;
				ENABLE_STRICT_OBJC_MSGSEND = YES;
				GCC_C_LANGUAGE_STANDARD = gnu11;
				GCC_NO_COMMON_BLOCKS = YES;
				GCC_WARN_64_TO_32_BIT_CONVERSION = YES;
				GCC_WARN_ABOUT_RETURN_TYPE = YES_ERROR;
				GCC_WARN_UNDECLARED_SELECTOR = YES;
				GCC_WARN_UNINITIALIZED_AUTOS = YES_AGGRESSIVE;
				GCC_WARN_UNUSED_FUNCTION = YES;
				GCC_WARN_UNUSED_VARIABLE = YES;
				IPHONEOS_DEPLOYMENT_TARGET = 11.3;
				MTL_ENABLE_DEBUG_INFO = NO;
				SDKROOT = iphoneos;
				SWIFT_COMPILATION_MODE = wholemodule;
				SWIFT_OPTIMIZATION_LEVEL = "-O";
				VALIDATE_PRODUCT = YES;
			};
			name = Release;
		};
		B01E2A90209E02B900A34AF6 /* Debug */ = {
			isa = XCBuildConfiguration;
			baseConfigurationReference = BD3C0C8E84CCB6F5BF2EEF46 /* Pods-ComprasPublicas.debug.xcconfig */;
			buildSettings = {
				ASSETCATALOG_COMPILER_APPICON_NAME = AppIcon;
				CODE_SIGN_STYLE = Automatic;
				DEVELOPMENT_TEAM = VZB2Z99GV8;
				INFOPLIST_FILE = ComprasPublicas/Info.plist;
				LD_RUNPATH_SEARCH_PATHS = (
					"$(inherited)",
					"@executable_path/Frameworks",
				);
				PRODUCT_BUNDLE_IDENTIFIER = com.finotti.ComprasPublicas;
				PRODUCT_NAME = "$(TARGET_NAME)";
				SWIFT_VERSION = 4.0;
				TARGETED_DEVICE_FAMILY = "1,2";
			};
			name = Debug;
		};
		B01E2A91209E02B900A34AF6 /* Release */ = {
			isa = XCBuildConfiguration;
			baseConfigurationReference = 533049A2566C52B972A6A43C /* Pods-ComprasPublicas.release.xcconfig */;
			buildSettings = {
				ASSETCATALOG_COMPILER_APPICON_NAME = AppIcon;
				CODE_SIGN_STYLE = Automatic;
				DEVELOPMENT_TEAM = VZB2Z99GV8;
				INFOPLIST_FILE = ComprasPublicas/Info.plist;
				LD_RUNPATH_SEARCH_PATHS = (
					"$(inherited)",
					"@executable_path/Frameworks",
				);
				PRODUCT_BUNDLE_IDENTIFIER = com.finotti.ComprasPublicas;
				PRODUCT_NAME = "$(TARGET_NAME)";
				SWIFT_VERSION = 4.0;
				TARGETED_DEVICE_FAMILY = "1,2";
			};
			name = Release;
		};
/* End XCBuildConfiguration section */

/* Begin XCConfigurationList section */
		B01E2A78209E02B700A34AF6 /* Build configuration list for PBXProject "ComprasPublicas" */ = {
			isa = XCConfigurationList;
			buildConfigurations = (
				B01E2A8D209E02B900A34AF6 /* Debug */,
				B01E2A8E209E02B900A34AF6 /* Release */,
			);
			defaultConfigurationIsVisible = 0;
			defaultConfigurationName = Release;
		};
		B01E2A8F209E02B900A34AF6 /* Build configuration list for PBXNativeTarget "ComprasPublicas" */ = {
			isa = XCConfigurationList;
			buildConfigurations = (
				B01E2A90209E02B900A34AF6 /* Debug */,
				B01E2A91209E02B900A34AF6 /* Release */,
			);
			defaultConfigurationIsVisible = 0;
			defaultConfigurationName = Release;
		};
/* End XCConfigurationList section */

/* Begin XCVersionGroup section */
		B0A1C9EC209E17A4005F88E9 /* compras_publicas.xcdatamodeld */ = {
			isa = XCVersionGroup;
			children = (
				B0A1C9ED209E17A4005F88E9 /* compras_publicas.xcdatamodel */,
			);
			currentVersion = B0A1C9ED209E17A4005F88E9 /* compras_publicas.xcdatamodel */;
			path = compras_publicas.xcdatamodeld;
			sourceTree = "<group>";
			versionGroupType = wrapper.xcdatamodel;
		};
/* End XCVersionGroup section */
	};
	rootObject = B01E2A75209E02B700A34AF6 /* Project object */;
}
